// !$*UTF8*$!
{
	archiveVersion = 1;
	classes = {
	};
	objectVersion = 46;
	objects = {

/* Begin PBXBuildFile section */
		DD04DA661F6D7E8C0093FD7C /* GLBaseViewController.m in Sources */ = {isa = PBXBuildFile; fileRef = DD04DA651F6D7E8C0093FD7C /* GLBaseViewController.m */; };
		DD0709CC1F7225EC000CDE9B /* texture.jpg in Resources */ = {isa = PBXBuildFile; fileRef = DD0709CB1F7225EC000CDE9B /* texture.jpg */; };
		DD0C8FD31FBAF9E000EACE72 /* WavefrontOBJ.m in Sources */ = {isa = PBXBuildFile; fileRef = DD0C8FD21FBAF9E000EACE72 /* WavefrontOBJ.m */; };
		DD0E1C201FD78C8B0023BB1E /* Camera.m in Sources */ = {isa = PBXBuildFile; fileRef = DD0E1C1F1FD78C8B0023BB1E /* Camera.m */; };
		DD0E1C231FD7DA520023BB1E /* CameraViewController.m in Sources */ = {isa = PBXBuildFile; fileRef = DD0E1C221FD7DA520023BB1E /* CameraViewController.m */; };
		DD16F9541F81097200B9AD1B /* AlphaMixtureViewController.m in Sources */ = {isa = PBXBuildFile; fileRef = DD16F9531F81097200B9AD1B /* AlphaMixtureViewController.m */; };
		DD16F9551F810E7C00B9AD1B /* green.png in Resources */ = {isa = PBXBuildFile; fileRef = DD16F9501F81082500B9AD1B /* green.png */; };
		DD16F9561F810E8000B9AD1B /* red.png in Resources */ = {isa = PBXBuildFile; fileRef = DD16F9511F81082500B9AD1B /* red.png */; };
		DD48CB901FD8D40400D0EBEB /* Mirror.m in Sources */ = {isa = PBXBuildFile; fileRef = DD48CB8F1FD8D40400D0EBEB /* Mirror.m */; };
		DD48CB921FD8E28400D0EBEB /* frag_mirror.glsl in Resources */ = {isa = PBXBuildFile; fileRef = DD48CB911FD8E28400D0EBEB /* frag_mirror.glsl */; };
		DD5263E11FB2FD5A005D91ED /* CylinderViewController.m in Sources */ = {isa = PBXBuildFile; fileRef = DD5263E01FB2FD5A005D91ED /* CylinderViewController.m */; };
		DD5263E51FB30519005D91ED /* metal_01.png in Resources */ = {isa = PBXBuildFile; fileRef = DD5263E21FB2FF61005D91ED /* metal_01.png */; };
		DD5263E61FB3051C005D91ED /* metal_02.jpg in Resources */ = {isa = PBXBuildFile; fileRef = DD5263E31FB2FF61005D91ED /* metal_02.jpg */; };
		DD5263E71FB3051F005D91ED /* metal_03.png in Resources */ = {isa = PBXBuildFile; fileRef = DD5263E41FB2FF61005D91ED /* metal_03.png */; };
		DD6EBF891FDA33FE006CCD54 /* SkyBox.m in Sources */ = {isa = PBXBuildFile; fileRef = DD6EBF881FDA33FE006CCD54 /* SkyBox.m */; };
		DD6EBF8C1FDA3410006CCD54 /* SkyBoxViewController.m in Sources */ = {isa = PBXBuildFile; fileRef = DD6EBF8B1FDA3410006CCD54 /* SkyBoxViewController.m */; };
		DD6EBF931FDA353E006CCD54 /* cube-4.tga in Resources */ = {isa = PBXBuildFile; fileRef = DD6EBF8D1FDA353C006CCD54 /* cube-4.tga */; };
		DD6EBF941FDA353E006CCD54 /* cube-2.tga in Resources */ = {isa = PBXBuildFile; fileRef = DD6EBF8E1FDA353C006CCD54 /* cube-2.tga */; };
		DD6EBF951FDA353E006CCD54 /* cube-5.tga in Resources */ = {isa = PBXBuildFile; fileRef = DD6EBF8F1FDA353D006CCD54 /* cube-5.tga */; };
		DD6EBF961FDA353E006CCD54 /* cube-3.tga in Resources */ = {isa = PBXBuildFile; fileRef = DD6EBF901FDA353D006CCD54 /* cube-3.tga */; };
		DD6EBF971FDA353E006CCD54 /* cube-6.tga in Resources */ = {isa = PBXBuildFile; fileRef = DD6EBF911FDA353D006CCD54 /* cube-6.tga */; };
		DD6EBF981FDA353E006CCD54 /* cube-1.tga in Resources */ = {isa = PBXBuildFile; fileRef = DD6EBF921FDA353E006CCD54 /* cube-1.tga */; };
		DD6EBF9A1FDA65F4006CCD54 /* frag_skybox.glsl in Resources */ = {isa = PBXBuildFile; fileRef = DD6EBF991FDA65F4006CCD54 /* frag_skybox.glsl */; };
		DD7085681FAC470F006ECAC6 /* Cylinder.m in Sources */ = {isa = PBXBuildFile; fileRef = DD7085671FAC470F006ECAC6 /* Cylinder.m */; };
		DD89B04E1FB4498300520ADF /* Terrain.m in Sources */ = {isa = PBXBuildFile; fileRef = DD89B04D1FB4498300520ADF /* Terrain.m */; };
		DD89B0511FB552C200520ADF /* TerrainViewController.m in Sources */ = {isa = PBXBuildFile; fileRef = DD89B0501FB552C200520ADF /* TerrainViewController.m */; };
		DD89B0561FB57C0F00520ADF /* frag_terrain.glsl in Resources */ = {isa = PBXBuildFile; fileRef = DD89B0551FB57C0F00520ADF /* frag_terrain.glsl */; };
		DD89B0571FB57D0B00520ADF /* terrain_01.jpg in Resources */ = {isa = PBXBuildFile; fileRef = DD89B0531FB57BC300520ADF /* terrain_01.jpg */; };
		DD89B0581FB57D0E00520ADF /* grass_01.jpg in Resources */ = {isa = PBXBuildFile; fileRef = DD89B0521FB57BC300520ADF /* grass_01.jpg */; };
		DD89B0591FB57D1100520ADF /* dirt_01.jpg in Resources */ = {isa = PBXBuildFile; fileRef = DD89B0541FB57BC300520ADF /* dirt_01.jpg */; };
		DD8A3FEA1FCC797200324EFC /* normal.png in Resources */ = {isa = PBXBuildFile; fileRef = DD8A3FE91FCC797200324EFC /* normal.png */; };
		DDA04C471F666B41004049FB /* main.m in Sources */ = {isa = PBXBuildFile; fileRef = DDA04C461F666B41004049FB /* main.m */; };
		DDA04C4A1F666B41004049FB /* AppDelegate.m in Sources */ = {isa = PBXBuildFile; fileRef = DDA04C491F666B41004049FB /* AppDelegate.m */; };
		DDA04C4D1F666B41004049FB /* ViewController.m in Sources */ = {isa = PBXBuildFile; fileRef = DDA04C4C1F666B41004049FB /* ViewController.m */; };
		DDA04C501F666B41004049FB /* Main.storyboard in Resources */ = {isa = PBXBuildFile; fileRef = DDA04C4E1F666B41004049FB /* Main.storyboard */; };
		DDA04C521F666B41004049FB /* Assets.xcassets in Resources */ = {isa = PBXBuildFile; fileRef = DDA04C511F666B41004049FB /* Assets.xcassets */; };
		DDA04C551F666B41004049FB /* LaunchScreen.storyboard in Resources */ = {isa = PBXBuildFile; fileRef = DDA04C531F666B41004049FB /* LaunchScreen.storyboard */; };
		DDA04C5E1F666BCB004049FB /* fragment.glsl in Resources */ = {isa = PBXBuildFile; fileRef = DDA04C5C1F666BCB004049FB /* fragment.glsl */; };
		DDA04C5F1F666BCB004049FB /* vertex.glsl in Resources */ = {isa = PBXBuildFile; fileRef = DDA04C5D1F666BCB004049FB /* vertex.glsl */; };
		DDA07FF11FA8595800127BF2 /* Cube.m in Sources */ = {isa = PBXBuildFile; fileRef = DDA07FF01FA8595800127BF2 /* Cube.m */; };
		DDA37A841FBDA04700072E4F /* car.mtl in Resources */ = {isa = PBXBuildFile; fileRef = DDA37A7E1FBDA04700072E4F /* car.mtl */; };
		DDA37A851FBDA04700072E4F /* cube.obj in Resources */ = {isa = PBXBuildFile; fileRef = DDA37A7F1FBDA04700072E4F /* cube.obj */; };
		DDA37A861FBDA04700072E4F /* smoothMonkey.mtl in Resources */ = {isa = PBXBuildFile; fileRef = DDA37A801FBDA04700072E4F /* smoothMonkey.mtl */; };
		DDA37A871FBDA04700072E4F /* car.obj in Resources */ = {isa = PBXBuildFile; fileRef = DDA37A811FBDA04700072E4F /* car.obj */; };
		DDA37A881FBDA04700072E4F /* smoothMonkey.obj in Resources */ = {isa = PBXBuildFile; fileRef = DDA37A821FBDA04700072E4F /* smoothMonkey.obj */; };
		DDA37A891FBDA04700072E4F /* cube.mtl in Resources */ = {isa = PBXBuildFile; fileRef = DDA37A831FBDA04700072E4F /* cube.mtl */; };
		DDA37A8C1FBDA08D00072E4F /* OBJViewController.m in Sources */ = {isa = PBXBuildFile; fileRef = DDA37A8B1FBDA08C00072E4F /* OBJViewController.m */; };
		DDB20DDA1F6FCAC700D9F05F /* CubeViewController.m in Sources */ = {isa = PBXBuildFile; fileRef = DDB20DD91F6FCAC700D9F05F /* CubeViewController.m */; };
		DDC106AD1FCD66C400F0772A /* Plane.m in Sources */ = {isa = PBXBuildFile; fileRef = DDC106AC1FCD66C400F0772A /* Plane.m */; };
		DDC106AF1FCD74ED00F0772A /* frag_framebuffer_plane.glsl in Resources */ = {isa = PBXBuildFile; fileRef = DDC106AE1FCD74ED00F0772A /* frag_framebuffer_plane.glsl */; };
		DDC446331FCFF45400F75ED0 /* ProjectorViewController.m in Sources */ = {isa = PBXBuildFile; fileRef = DDC446321FCFF45400F75ED0 /* ProjectorViewController.m */; };
		DDC446371FD0055500F75ED0 /* stoneFloor_NRM.png in Resources */ = {isa = PBXBuildFile; fileRef = DDC446341FD0055400F75ED0 /* stoneFloor_NRM.png */; };
		DDC446381FD0055500F75ED0 /* stoneFloor.jpg in Resources */ = {isa = PBXBuildFile; fileRef = DDC446351FD0055500F75ED0 /* stoneFloor.jpg */; };
		DDC446391FD0055500F75ED0 /* squarepants.jpg in Resources */ = {isa = PBXBuildFile; fileRef = DDC446361FD0055500F75ED0 /* squarepants.jpg */; };
		DDC4463D1FD1347D00F75ED0 /* ShadowViewController.m in Sources */ = {isa = PBXBuildFile; fileRef = DDC4463C1FD1347D00F75ED0 /* ShadowViewController.m */; };
		DDC4463F1FD13ECA00F75ED0 /* frag_shadowmap.glsl in Resources */ = {isa = PBXBuildFile; fileRef = DDC4463E1FD13ECA00F75ED0 /* frag_shadowmap.glsl */; };
		DDE9E0611F8CC6E600563E68 /* GLContext.m in Sources */ = {isa = PBXBuildFile; fileRef = DDE9E0601F8CC6E600563E68 /* GLContext.m */; };
		DDE9E06D1F8DF12500563E68 /* LaserViewController.m in Sources */ = {isa = PBXBuildFile; fileRef = DDE9E06C1F8DF12500563E68 /* LaserViewController.m */; };
		DDE9E0701F8DF26A00563E68 /* laserFragment.glsl in Resources */ = {isa = PBXBuildFile; fileRef = DDE9E06E1F8DF26A00563E68 /* laserFragment.glsl */; };
		DDE9E0711F8DF26A00563E68 /* laserVertex.glsl in Resources */ = {isa = PBXBuildFile; fileRef = DDE9E06F1F8DF26A00563E68 /* laserVertex.glsl */; };
		DDE9E0741F8E04A100563E68 /* Laser.m in Sources */ = {isa = PBXBuildFile; fileRef = DDE9E0731F8E04A100563E68 /* Laser.m */; };
		DDE9E0751F8E29B900563E68 /* laser.png in Resources */ = {isa = PBXBuildFile; fileRef = DDE9E0621F8DEB5400563E68 /* laser.png */; };
		DDE9E0781F8F740100563E68 /* GLObject.m in Sources */ = {isa = PBXBuildFile; fileRef = DDE9E0771F8F740000563E68 /* GLObject.m */; };
		DDFDD9A61FD526A600DB9450 /* cube-5.jpg in Resources */ = {isa = PBXBuildFile; fileRef = DDFDD9A01FD526A500DB9450 /* cube-5.jpg */; };
		DDFDD9A71FD526A600DB9450 /* cube-3.jpg in Resources */ = {isa = PBXBuildFile; fileRef = DDFDD9A11FD526A500DB9450 /* cube-3.jpg */; };
		DDFDD9A81FD526A600DB9450 /* cube-2.jpg in Resources */ = {isa = PBXBuildFile; fileRef = DDFDD9A21FD526A500DB9450 /* cube-2.jpg */; };
		DDFDD9A91FD526A600DB9450 /* cube-1.jpg in Resources */ = {isa = PBXBuildFile; fileRef = DDFDD9A31FD526A500DB9450 /* cube-1.jpg */; };
		DDFDD9AA1FD526A600DB9450 /* cube-4.jpg in Resources */ = {isa = PBXBuildFile; fileRef = DDFDD9A41FD526A600DB9450 /* cube-4.jpg */; };
		DDFDD9AB1FD526A600DB9450 /* cube-6.jpg in Resources */ = {isa = PBXBuildFile; fileRef = DDFDD9A51FD526A600DB9450 /* cube-6.jpg */; };
		DDFDD9AF1FD527E000DB9450 /* CubeMapViewController.m in Sources */ = {isa = PBXBuildFile; fileRef = DDFDD9AE1FD527E000DB9450 /* CubeMapViewController.m */; };
		DDFDD9B11FD52C0500DB9450 /* metal.jpg in Resources */ = {isa = PBXBuildFile; fileRef = DDFDD9B01FD52C0500DB9450 /* metal.jpg */; };
		DDFF99421FA9C67D009E420A /* GLGeometry.m in Sources */ = {isa = PBXBuildFile; fileRef = DDFF99411FA9C67D009E420A /* GLGeometry.m */; };
/* End PBXBuildFile section */

/* Begin PBXFileReference section */
		DD04DA641F6D7E8C0093FD7C /* GLBaseViewController.h */ = {isa = PBXFileReference; fileEncoding = 4; lastKnownFileType = sourcecode.c.h; path = GLBaseViewController.h; sourceTree = "<group>"; };
		DD04DA651F6D7E8C0093FD7C /* GLBaseViewController.m */ = {isa = PBXFileReference; fileEncoding = 4; lastKnownFileType = sourcecode.c.objc; path = GLBaseViewController.m; sourceTree = "<group>"; };
		DD0709CB1F7225EC000CDE9B /* texture.jpg */ = {isa = PBXFileReference; lastKnownFileType = image.jpeg; path = texture.jpg; sourceTree = "<group>"; };
		DD0C8FD11FBAF9E000EACE72 /* WavefrontOBJ.h */ = {isa = PBXFileReference; lastKnownFileType = sourcecode.c.h; path = WavefrontOBJ.h; sourceTree = "<group>"; };
		DD0C8FD21FBAF9E000EACE72 /* WavefrontOBJ.m */ = {isa = PBXFileReference; lastKnownFileType = sourcecode.c.objc; path = WavefrontOBJ.m; sourceTree = "<group>"; };
		DD0E1C1E1FD78C8B0023BB1E /* Camera.h */ = {isa = PBXFileReference; lastKnownFileType = sourcecode.c.h; path = Camera.h; sourceTree = "<group>"; };
		DD0E1C1F1FD78C8B0023BB1E /* Camera.m */ = {isa = PBXFileReference; lastKnownFileType = sourcecode.c.objc; path = Camera.m; sourceTree = "<group>"; };
		DD0E1C211FD7DA520023BB1E /* CameraViewController.h */ = {isa = PBXFileReference; lastKnownFileType = sourcecode.c.h; path = CameraViewController.h; sourceTree = "<group>"; };
		DD0E1C221FD7DA520023BB1E /* CameraViewController.m */ = {isa = PBXFileReference; lastKnownFileType = sourcecode.c.objc; path = CameraViewController.m; sourceTree = "<group>"; };
		DD16F9501F81082500B9AD1B /* green.png */ = {isa = PBXFileReference; lastKnownFileType = image.png; path = green.png; sourceTree = "<group>"; };
		DD16F9511F81082500B9AD1B /* red.png */ = {isa = PBXFileReference; lastKnownFileType = image.png; path = red.png; sourceTree = "<group>"; };
		DD16F9521F81097200B9AD1B /* AlphaMixtureViewController.h */ = {isa = PBXFileReference; lastKnownFileType = sourcecode.c.h; path = AlphaMixtureViewController.h; sourceTree = "<group>"; };
		DD16F9531F81097200B9AD1B /* AlphaMixtureViewController.m */ = {isa = PBXFileReference; lastKnownFileType = sourcecode.c.objc; path = AlphaMixtureViewController.m; sourceTree = "<group>"; };
		DD48CB8E1FD8D40400D0EBEB /* Mirror.h */ = {isa = PBXFileReference; lastKnownFileType = sourcecode.c.h; path = Mirror.h; sourceTree = "<group>"; };
		DD48CB8F1FD8D40400D0EBEB /* Mirror.m */ = {isa = PBXFileReference; lastKnownFileType = sourcecode.c.objc; path = Mirror.m; sourceTree = "<group>"; };
		DD48CB911FD8E28400D0EBEB /* frag_mirror.glsl */ = {isa = PBXFileReference; lastKnownFileType = text; path = frag_mirror.glsl; sourceTree = "<group>"; };
		DD5263DF1FB2FD5A005D91ED /* CylinderViewController.h */ = {isa = PBXFileReference; lastKnownFileType = sourcecode.c.h; path = CylinderViewController.h; sourceTree = "<group>"; };
		DD5263E01FB2FD5A005D91ED /* CylinderViewController.m */ = {isa = PBXFileReference; lastKnownFileType = sourcecode.c.objc; path = CylinderViewController.m; sourceTree = "<group>"; };
		DD5263E21FB2FF61005D91ED /* metal_01.png */ = {isa = PBXFileReference; lastKnownFileType = image.png; path = metal_01.png; sourceTree = "<group>"; };
		DD5263E31FB2FF61005D91ED /* metal_02.jpg */ = {isa = PBXFileReference; lastKnownFileType = image.jpeg; path = metal_02.jpg; sourceTree = "<group>"; };
		DD5263E41FB2FF61005D91ED /* metal_03.png */ = {isa = PBXFileReference; lastKnownFileType = image.png; path = metal_03.png; sourceTree = "<group>"; };
		DD6EBF871FDA33FE006CCD54 /* SkyBox.h */ = {isa = PBXFileReference; lastKnownFileType = sourcecode.c.h; path = SkyBox.h; sourceTree = "<group>"; };
		DD6EBF881FDA33FE006CCD54 /* SkyBox.m */ = {isa = PBXFileReference; lastKnownFileType = sourcecode.c.objc; path = SkyBox.m; sourceTree = "<group>"; };
		DD6EBF8A1FDA3410006CCD54 /* SkyBoxViewController.h */ = {isa = PBXFileReference; lastKnownFileType = sourcecode.c.h; path = SkyBoxViewController.h; sourceTree = "<group>"; };
		DD6EBF8B1FDA3410006CCD54 /* SkyBoxViewController.m */ = {isa = PBXFileReference; lastKnownFileType = sourcecode.c.objc; path = SkyBoxViewController.m; sourceTree = "<group>"; };
		DD6EBF8D1FDA353C006CCD54 /* cube-4.tga */ = {isa = PBXFileReference; lastKnownFileType = file; path = "cube-4.tga"; sourceTree = "<group>"; };
		DD6EBF8E1FDA353C006CCD54 /* cube-2.tga */ = {isa = PBXFileReference; lastKnownFileType = file; path = "cube-2.tga"; sourceTree = "<group>"; };
		DD6EBF8F1FDA353D006CCD54 /* cube-5.tga */ = {isa = PBXFileReference; lastKnownFileType = file; path = "cube-5.tga"; sourceTree = "<group>"; };
		DD6EBF901FDA353D006CCD54 /* cube-3.tga */ = {isa = PBXFileReference; lastKnownFileType = file; path = "cube-3.tga"; sourceTree = "<group>"; };
		DD6EBF911FDA353D006CCD54 /* cube-6.tga */ = {isa = PBXFileReference; lastKnownFileType = file; path = "cube-6.tga"; sourceTree = "<group>"; };
		DD6EBF921FDA353E006CCD54 /* cube-1.tga */ = {isa = PBXFileReference; lastKnownFileType = file; path = "cube-1.tga"; sourceTree = "<group>"; };
		DD6EBF991FDA65F4006CCD54 /* frag_skybox.glsl */ = {isa = PBXFileReference; lastKnownFileType = text; path = frag_skybox.glsl; sourceTree = "<group>"; };
		DD7085661FAC470F006ECAC6 /* Cylinder.h */ = {isa = PBXFileReference; lastKnownFileType = sourcecode.c.h; path = Cylinder.h; sourceTree = "<group>"; };
		DD7085671FAC470F006ECAC6 /* Cylinder.m */ = {isa = PBXFileReference; lastKnownFileType = sourcecode.c.objc; path = Cylinder.m; sourceTree = "<group>"; };
		DD89B04C1FB4498300520ADF /* Terrain.h */ = {isa = PBXFileReference; lastKnownFileType = sourcecode.c.h; path = Terrain.h; sourceTree = "<group>"; };
		DD89B04D1FB4498300520ADF /* Terrain.m */ = {isa = PBXFileReference; lastKnownFileType = sourcecode.c.objc; path = Terrain.m; sourceTree = "<group>"; };
		DD89B04F1FB552C200520ADF /* TerrainViewController.h */ = {isa = PBXFileReference; lastKnownFileType = sourcecode.c.h; path = TerrainViewController.h; sourceTree = "<group>"; };
		DD89B0501FB552C200520ADF /* TerrainViewController.m */ = {isa = PBXFileReference; lastKnownFileType = sourcecode.c.objc; path = TerrainViewController.m; sourceTree = "<group>"; };
		DD89B0521FB57BC300520ADF /* grass_01.jpg */ = {isa = PBXFileReference; lastKnownFileType = image.jpeg; path = grass_01.jpg; sourceTree = "<group>"; };
		DD89B0531FB57BC300520ADF /* terrain_01.jpg */ = {isa = PBXFileReference; lastKnownFileType = image.jpeg; path = terrain_01.jpg; sourceTree = "<group>"; };
		DD89B0541FB57BC300520ADF /* dirt_01.jpg */ = {isa = PBXFileReference; lastKnownFileType = image.jpeg; path = dirt_01.jpg; sourceTree = "<group>"; };
		DD89B0551FB57C0F00520ADF /* frag_terrain.glsl */ = {isa = PBXFileReference; lastKnownFileType = text; path = frag_terrain.glsl; sourceTree = "<group>"; };
		DD8A3FE91FCC797200324EFC /* normal.png */ = {isa = PBXFileReference; lastKnownFileType = image.png; path = normal.png; sourceTree = "<group>"; };
		DDA04C421F666B41004049FB /* OpenGLES.app */ = {isa = PBXFileReference; explicitFileType = wrapper.application; includeInIndex = 0; path = OpenGLES.app; sourceTree = BUILT_PRODUCTS_DIR; };
		DDA04C461F666B41004049FB /* main.m */ = {isa = PBXFileReference; lastKnownFileType = sourcecode.c.objc; path = main.m; sourceTree = "<group>"; };
		DDA04C481F666B41004049FB /* AppDelegate.h */ = {isa = PBXFileReference; lastKnownFileType = sourcecode.c.h; path = AppDelegate.h; sourceTree = "<group>"; };
		DDA04C491F666B41004049FB /* AppDelegate.m */ = {isa = PBXFileReference; lastKnownFileType = sourcecode.c.objc; path = AppDelegate.m; sourceTree = "<group>"; };
		DDA04C4B1F666B41004049FB /* ViewController.h */ = {isa = PBXFileReference; lastKnownFileType = sourcecode.c.h; path = ViewController.h; sourceTree = "<group>"; };
		DDA04C4C1F666B41004049FB /* ViewController.m */ = {isa = PBXFileReference; lastKnownFileType = sourcecode.c.objc; path = ViewController.m; sourceTree = "<group>"; };
		DDA04C4F1F666B41004049FB /* Base */ = {isa = PBXFileReference; lastKnownFileType = file.storyboard; name = Base; path = Base.lproj/Main.storyboard; sourceTree = "<group>"; };
		DDA04C511F666B41004049FB /* Assets.xcassets */ = {isa = PBXFileReference; lastKnownFileType = folder.assetcatalog; path = Assets.xcassets; sourceTree = "<group>"; };
		DDA04C541F666B41004049FB /* Base */ = {isa = PBXFileReference; lastKnownFileType = file.storyboard; name = Base; path = Base.lproj/LaunchScreen.storyboard; sourceTree = "<group>"; };
		DDA04C561F666B41004049FB /* Info.plist */ = {isa = PBXFileReference; lastKnownFileType = text.plist.xml; path = Info.plist; sourceTree = "<group>"; };
		DDA04C5C1F666BCB004049FB /* fragment.glsl */ = {isa = PBXFileReference; fileEncoding = 4; lastKnownFileType = text; path = fragment.glsl; sourceTree = "<group>"; };
		DDA04C5D1F666BCB004049FB /* vertex.glsl */ = {isa = PBXFileReference; fileEncoding = 4; lastKnownFileType = text; path = vertex.glsl; sourceTree = "<group>"; };
		DDA07FEF1FA8595800127BF2 /* Cube.h */ = {isa = PBXFileReference; lastKnownFileType = sourcecode.c.h; path = Cube.h; sourceTree = "<group>"; };
		DDA07FF01FA8595800127BF2 /* Cube.m */ = {isa = PBXFileReference; lastKnownFileType = sourcecode.c.objc; path = Cube.m; sourceTree = "<group>"; };
		DDA37A7E1FBDA04700072E4F /* car.mtl */ = {isa = PBXFileReference; fileEncoding = 4; lastKnownFileType = text; path = car.mtl; sourceTree = "<group>"; };
		DDA37A7F1FBDA04700072E4F /* cube.obj */ = {isa = PBXFileReference; fileEncoding = 4; lastKnownFileType = text; path = cube.obj; sourceTree = "<group>"; };
		DDA37A801FBDA04700072E4F /* smoothMonkey.mtl */ = {isa = PBXFileReference; fileEncoding = 4; lastKnownFileType = text; path = smoothMonkey.mtl; sourceTree = "<group>"; };
		DDA37A811FBDA04700072E4F /* car.obj */ = {isa = PBXFileReference; fileEncoding = 4; lastKnownFileType = text; path = car.obj; sourceTree = "<group>"; };
		DDA37A821FBDA04700072E4F /* smoothMonkey.obj */ = {isa = PBXFileReference; fileEncoding = 4; lastKnownFileType = text; path = smoothMonkey.obj; sourceTree = "<group>"; };
		DDA37A831FBDA04700072E4F /* cube.mtl */ = {isa = PBXFileReference; fileEncoding = 4; lastKnownFileType = text; path = cube.mtl; sourceTree = "<group>"; };
		DDA37A8A1FBDA08C00072E4F /* OBJViewController.h */ = {isa = PBXFileReference; lastKnownFileType = sourcecode.c.h; path = OBJViewController.h; sourceTree = "<group>"; };
		DDA37A8B1FBDA08C00072E4F /* OBJViewController.m */ = {isa = PBXFileReference; lastKnownFileType = sourcecode.c.objc; path = OBJViewController.m; sourceTree = "<group>"; };
		DDB20DD81F6FCAC700D9F05F /* CubeViewController.h */ = {isa = PBXFileReference; fileEncoding = 4; lastKnownFileType = sourcecode.c.h; path = CubeViewController.h; sourceTree = "<group>"; };
		DDB20DD91F6FCAC700D9F05F /* CubeViewController.m */ = {isa = PBXFileReference; fileEncoding = 4; lastKnownFileType = sourcecode.c.objc; path = CubeViewController.m; sourceTree = "<group>"; };
		DDC106AB1FCD66C400F0772A /* Plane.h */ = {isa = PBXFileReference; lastKnownFileType = sourcecode.c.h; path = Plane.h; sourceTree = "<group>"; };
		DDC106AC1FCD66C400F0772A /* Plane.m */ = {isa = PBXFileReference; lastKnownFileType = sourcecode.c.objc; path = Plane.m; sourceTree = "<group>"; };
		DDC106AE1FCD74ED00F0772A /* frag_framebuffer_plane.glsl */ = {isa = PBXFileReference; lastKnownFileType = text; path = frag_framebuffer_plane.glsl; sourceTree = "<group>"; };
		DDC446311FCFF45400F75ED0 /* ProjectorViewController.h */ = {isa = PBXFileReference; lastKnownFileType = sourcecode.c.h; path = ProjectorViewController.h; sourceTree = "<group>"; };
		DDC446321FCFF45400F75ED0 /* ProjectorViewController.m */ = {isa = PBXFileReference; lastKnownFileType = sourcecode.c.objc; path = ProjectorViewController.m; sourceTree = "<group>"; };
		DDC446341FD0055400F75ED0 /* stoneFloor_NRM.png */ = {isa = PBXFileReference; lastKnownFileType = image.png; path = stoneFloor_NRM.png; sourceTree = "<group>"; };
		DDC446351FD0055500F75ED0 /* stoneFloor.jpg */ = {isa = PBXFileReference; lastKnownFileType = image.jpeg; path = stoneFloor.jpg; sourceTree = "<group>"; };
		DDC446361FD0055500F75ED0 /* squarepants.jpg */ = {isa = PBXFileReference; lastKnownFileType = image.jpeg; path = squarepants.jpg; sourceTree = "<group>"; };
		DDC4463B1FD1347D00F75ED0 /* ShadowViewController.h */ = {isa = PBXFileReference; lastKnownFileType = sourcecode.c.h; path = ShadowViewController.h; sourceTree = "<group>"; };
		DDC4463C1FD1347D00F75ED0 /* ShadowViewController.m */ = {isa = PBXFileReference; lastKnownFileType = sourcecode.c.objc; path = ShadowViewController.m; sourceTree = "<group>"; };
		DDC4463E1FD13ECA00F75ED0 /* frag_shadowmap.glsl */ = {isa = PBXFileReference; lastKnownFileType = text; path = frag_shadowmap.glsl; sourceTree = "<group>"; };
		DDE9E05F1F8CC6E600563E68 /* GLContext.h */ = {isa = PBXFileReference; lastKnownFileType = sourcecode.c.h; path = GLContext.h; sourceTree = "<group>"; };
		DDE9E0601F8CC6E600563E68 /* GLContext.m */ = {isa = PBXFileReference; lastKnownFileType = sourcecode.c.objc; path = GLContext.m; sourceTree = "<group>"; };
		DDE9E0621F8DEB5400563E68 /* laser.png */ = {isa = PBXFileReference; lastKnownFileType = image.png; path = laser.png; sourceTree = "<group>"; };
		DDE9E06B1F8DF12500563E68 /* LaserViewController.h */ = {isa = PBXFileReference; lastKnownFileType = sourcecode.c.h; path = LaserViewController.h; sourceTree = "<group>"; };
		DDE9E06C1F8DF12500563E68 /* LaserViewController.m */ = {isa = PBXFileReference; lastKnownFileType = sourcecode.c.objc; path = LaserViewController.m; sourceTree = "<group>"; };
		DDE9E06E1F8DF26A00563E68 /* laserFragment.glsl */ = {isa = PBXFileReference; lastKnownFileType = text; path = laserFragment.glsl; sourceTree = "<group>"; };
		DDE9E06F1F8DF26A00563E68 /* laserVertex.glsl */ = {isa = PBXFileReference; lastKnownFileType = text; path = laserVertex.glsl; sourceTree = "<group>"; };
		DDE9E0721F8E04A100563E68 /* Laser.h */ = {isa = PBXFileReference; lastKnownFileType = sourcecode.c.h; path = Laser.h; sourceTree = "<group>"; };
		DDE9E0731F8E04A100563E68 /* Laser.m */ = {isa = PBXFileReference; lastKnownFileType = sourcecode.c.objc; path = Laser.m; sourceTree = "<group>"; };
		DDE9E0761F8F740000563E68 /* GLObject.h */ = {isa = PBXFileReference; lastKnownFileType = sourcecode.c.h; path = GLObject.h; sourceTree = "<group>"; };
		DDE9E0771F8F740000563E68 /* GLObject.m */ = {isa = PBXFileReference; lastKnownFileType = sourcecode.c.objc; path = GLObject.m; sourceTree = "<group>"; };
		DDFDD9A01FD526A500DB9450 /* cube-5.jpg */ = {isa = PBXFileReference; lastKnownFileType = image.jpeg; path = "cube-5.jpg"; sourceTree = "<group>"; };
		DDFDD9A11FD526A500DB9450 /* cube-3.jpg */ = {isa = PBXFileReference; lastKnownFileType = image.jpeg; path = "cube-3.jpg"; sourceTree = "<group>"; };
		DDFDD9A21FD526A500DB9450 /* cube-2.jpg */ = {isa = PBXFileReference; lastKnownFileType = image.jpeg; path = "cube-2.jpg"; sourceTree = "<group>"; };
		DDFDD9A31FD526A500DB9450 /* cube-1.jpg */ = {isa = PBXFileReference; lastKnownFileType = image.jpeg; path = "cube-1.jpg"; sourceTree = "<group>"; };
		DDFDD9A41FD526A600DB9450 /* cube-4.jpg */ = {isa = PBXFileReference; lastKnownFileType = image.jpeg; path = "cube-4.jpg"; sourceTree = "<group>"; };
		DDFDD9A51FD526A600DB9450 /* cube-6.jpg */ = {isa = PBXFileReference; lastKnownFileType = image.jpeg; path = "cube-6.jpg"; sourceTree = "<group>"; };
		DDFDD9AD1FD527E000DB9450 /* CubeMapViewController.h */ = {isa = PBXFileReference; lastKnownFileType = sourcecode.c.h; path = CubeMapViewController.h; sourceTree = "<group>"; };
		DDFDD9AE1FD527E000DB9450 /* CubeMapViewController.m */ = {isa = PBXFileReference; lastKnownFileType = sourcecode.c.objc; path = CubeMapViewController.m; sourceTree = "<group>"; };
		DDFDD9B01FD52C0500DB9450 /* metal.jpg */ = {isa = PBXFileReference; lastKnownFileType = image.jpeg; path = metal.jpg; sourceTree = "<group>"; };
		DDFF99401FA9C67D009E420A /* GLGeometry.h */ = {isa = PBXFileReference; lastKnownFileType = sourcecode.c.h; path = GLGeometry.h; sourceTree = "<group>"; };
		DDFF99411FA9C67D009E420A /* GLGeometry.m */ = {isa = PBXFileReference; lastKnownFileType = sourcecode.c.objc; path = GLGeometry.m; sourceTree = "<group>"; };
/* End PBXFileReference section */

/* Begin PBXFrameworksBuildPhase section */
		DDA04C3F1F666B41004049FB /* Frameworks */ = {
			isa = PBXFrameworksBuildPhase;
			buildActionMask = 2147483647;
			files = (
			);
			runOnlyForDeploymentPostprocessing = 0;
		};
/* End PBXFrameworksBuildPhase section */

/* Begin PBXGroup section */
		DD0C8FD01FBAF9B000EACE72 /* OBJ */ = {
			isa = PBXGroup;
			children = (
				DD0C8FD11FBAF9E000EACE72 /* WavefrontOBJ.h */,
				DD0C8FD21FBAF9E000EACE72 /* WavefrontOBJ.m */,
				DDA37A8A1FBDA08C00072E4F /* OBJViewController.h */,
				DDA37A8B1FBDA08C00072E4F /* OBJViewController.m */,
				DDC446311FCFF45400F75ED0 /* ProjectorViewController.h */,
				DDC446321FCFF45400F75ED0 /* ProjectorViewController.m */,
			);
			path = OBJ;
			sourceTree = "<group>";
		};
		DD0E1C1D1FD78C6B0023BB1E /* Camera */ = {
			isa = PBXGroup;
			children = (
				DD0E1C1E1FD78C8B0023BB1E /* Camera.h */,
				DD0E1C1F1FD78C8B0023BB1E /* Camera.m */,
				DD48CB8E1FD8D40400D0EBEB /* Mirror.h */,
				DD48CB8F1FD8D40400D0EBEB /* Mirror.m */,
				DD0E1C211FD7DA520023BB1E /* CameraViewController.h */,
				DD0E1C221FD7DA520023BB1E /* CameraViewController.m */,
			);
			path = Camera;
			sourceTree = "<group>";
		};
		DD6EBF861FDA33E9006CCD54 /* SkyBox */ = {
			isa = PBXGroup;
			children = (
				DD6EBF871FDA33FE006CCD54 /* SkyBox.h */,
				DD6EBF881FDA33FE006CCD54 /* SkyBox.m */,
				DD6EBF8A1FDA3410006CCD54 /* SkyBoxViewController.h */,
				DD6EBF8B1FDA3410006CCD54 /* SkyBoxViewController.m */,
			);
			path = SkyBox;
			sourceTree = "<group>";
		};
		DD7085651FAC46F9006ECAC6 /* Cylinder */ = {
			isa = PBXGroup;
			children = (
				DD7085661FAC470F006ECAC6 /* Cylinder.h */,
				DD7085671FAC470F006ECAC6 /* Cylinder.m */,
				DD5263DF1FB2FD5A005D91ED /* CylinderViewController.h */,
				DD5263E01FB2FD5A005D91ED /* CylinderViewController.m */,
			);
			path = Cylinder;
			sourceTree = "<group>";
		};
		DD89B04B1FB4496000520ADF /* Terrain */ = {
			isa = PBXGroup;
			children = (
				DD89B04C1FB4498300520ADF /* Terrain.h */,
				DD89B04D1FB4498300520ADF /* Terrain.m */,
				DD89B04F1FB552C200520ADF /* TerrainViewController.h */,
				DD89B0501FB552C200520ADF /* TerrainViewController.m */,
				DD89B0551FB57C0F00520ADF /* frag_terrain.glsl */,
			);
			path = Terrain;
			sourceTree = "<group>";
		};
		DDA04C391F666B41004049FB = {
			isa = PBXGroup;
			children = (
				DDA04C441F666B41004049FB /* OpenGLES */,
				DDA04C431F666B41004049FB /* Products */,
			);
			sourceTree = "<group>";
		};
		DDA04C431F666B41004049FB /* Products */ = {
			isa = PBXGroup;
			children = (
				DDA04C421F666B41004049FB /* OpenGLES.app */,
			);
			name = Products;
			sourceTree = "<group>";
		};
		DDA04C441F666B41004049FB /* OpenGLES */ = {
			isa = PBXGroup;
			children = (
				DDE9E05E1F8CC6D200563E68 /* Tools */,
				DDE9E06A1F8DF11400563E68 /* Laser */,
				DDA07FEE1FA8591300127BF2 /* Cube */,
				DD7085651FAC46F9006ECAC6 /* Cylinder */,
				DD89B04B1FB4496000520ADF /* Terrain */,
				DDC106AA1FCD66A400F0772A /* Plane */,
				DD0C8FD01FBAF9B000EACE72 /* OBJ */,
				DDC4463A1FD1342800F75ED0 /* ShadowMap */,
				DDFDD9AC1FD527AC00DB9450 /* CubeMap */,
				DD0E1C1D1FD78C6B0023BB1E /* Camera */,
				DD6EBF861FDA33E9006CCD54 /* SkyBox */,
				DDA07FED1FA858F400127BF2 /* Resource */,
				DDA04C481F666B41004049FB /* AppDelegate.h */,
				DDA04C491F666B41004049FB /* AppDelegate.m */,
				DDA04C4B1F666B41004049FB /* ViewController.h */,
				DDA04C4C1F666B41004049FB /* ViewController.m */,
				DD16F9521F81097200B9AD1B /* AlphaMixtureViewController.h */,
				DD16F9531F81097200B9AD1B /* AlphaMixtureViewController.m */,
				DDA04C4E1F666B41004049FB /* Main.storyboard */,
				DDA04C511F666B41004049FB /* Assets.xcassets */,
				DDA04C531F666B41004049FB /* LaunchScreen.storyboard */,
				DDA04C561F666B41004049FB /* Info.plist */,
				DDA04C451F666B41004049FB /* Supporting Files */,
			);
			path = OpenGLES;
			sourceTree = "<group>";
		};
		DDA04C451F666B41004049FB /* Supporting Files */ = {
			isa = PBXGroup;
			children = (
				DDA04C461F666B41004049FB /* main.m */,
			);
			name = "Supporting Files";
			sourceTree = "<group>";
		};
		DDA07FED1FA858F400127BF2 /* Resource */ = {
			isa = PBXGroup;
			children = (
				DDFDD9B01FD52C0500DB9450 /* metal.jpg */,
				DD6EBF921FDA353E006CCD54 /* cube-1.tga */,
				DD6EBF8E1FDA353C006CCD54 /* cube-2.tga */,
				DD6EBF901FDA353D006CCD54 /* cube-3.tga */,
				DD6EBF8D1FDA353C006CCD54 /* cube-4.tga */,
				DD6EBF8F1FDA353D006CCD54 /* cube-5.tga */,
				DD6EBF911FDA353D006CCD54 /* cube-6.tga */,
				DDFDD9A31FD526A500DB9450 /* cube-1.jpg */,
				DDFDD9A21FD526A500DB9450 /* cube-2.jpg */,
				DDFDD9A11FD526A500DB9450 /* cube-3.jpg */,
				DDFDD9A41FD526A600DB9450 /* cube-4.jpg */,
				DDFDD9A01FD526A500DB9450 /* cube-5.jpg */,
				DDFDD9A51FD526A600DB9450 /* cube-6.jpg */,
				DDA37A7E1FBDA04700072E4F /* car.mtl */,
				DDA37A811FBDA04700072E4F /* car.obj */,
				DDA37A831FBDA04700072E4F /* cube.mtl */,
				DDA37A7F1FBDA04700072E4F /* cube.obj */,
				DDA37A801FBDA04700072E4F /* smoothMonkey.mtl */,
				DDA37A821FBDA04700072E4F /* smoothMonkey.obj */,
				DDC446361FD0055500F75ED0 /* squarepants.jpg */,
				DDC446341FD0055400F75ED0 /* stoneFloor_NRM.png */,
				DDC446351FD0055500F75ED0 /* stoneFloor.jpg */,
				DD8A3FE91FCC797200324EFC /* normal.png */,
				DD89B0541FB57BC300520ADF /* dirt_01.jpg */,
				DD89B0521FB57BC300520ADF /* grass_01.jpg */,
				DD89B0531FB57BC300520ADF /* terrain_01.jpg */,
				DD5263E21FB2FF61005D91ED /* metal_01.png */,
				DD5263E31FB2FF61005D91ED /* metal_02.jpg */,
				DD5263E41FB2FF61005D91ED /* metal_03.png */,
				DD16F9501F81082500B9AD1B /* green.png */,
				DD16F9511F81082500B9AD1B /* red.png */,
				DD0709CB1F7225EC000CDE9B /* texture.jpg */,
				DDE9E0621F8DEB5400563E68 /* laser.png */,
				DDA04C5C1F666BCB004049FB /* fragment.glsl */,
				DDA04C5D1F666BCB004049FB /* vertex.glsl */,
				DDC106AE1FCD74ED00F0772A /* frag_framebuffer_plane.glsl */,
				DDC4463E1FD13ECA00F75ED0 /* frag_shadowmap.glsl */,
				DD48CB911FD8E28400D0EBEB /* frag_mirror.glsl */,
				DD6EBF991FDA65F4006CCD54 /* frag_skybox.glsl */,
			);
			path = Resource;
			sourceTree = "<group>";
		};
		DDA07FEE1FA8591300127BF2 /* Cube */ = {
			isa = PBXGroup;
			children = (
				DDB20DD81F6FCAC700D9F05F /* CubeViewController.h */,
				DDB20DD91F6FCAC700D9F05F /* CubeViewController.m */,
				DDA07FEF1FA8595800127BF2 /* Cube.h */,
				DDA07FF01FA8595800127BF2 /* Cube.m */,
			);
			path = Cube;
			sourceTree = "<group>";
		};
		DDC106AA1FCD66A400F0772A /* Plane */ = {
			isa = PBXGroup;
			children = (
				DDC106AB1FCD66C400F0772A /* Plane.h */,
				DDC106AC1FCD66C400F0772A /* Plane.m */,
			);
			path = Plane;
			sourceTree = "<group>";
		};
		DDC4463A1FD1342800F75ED0 /* ShadowMap */ = {
			isa = PBXGroup;
			children = (
				DDC4463B1FD1347D00F75ED0 /* ShadowViewController.h */,
				DDC4463C1FD1347D00F75ED0 /* ShadowViewController.m */,
			);
			path = ShadowMap;
			sourceTree = "<group>";
		};
		DDE9E05E1F8CC6D200563E68 /* Tools */ = {
			isa = PBXGroup;
			children = (
				DDE9E05F1F8CC6E600563E68 /* GLContext.h */,
				DDE9E0601F8CC6E600563E68 /* GLContext.m */,
				DDE9E0761F8F740000563E68 /* GLObject.h */,
				DDE9E0771F8F740000563E68 /* GLObject.m */,
				DDFF99401FA9C67D009E420A /* GLGeometry.h */,
				DDFF99411FA9C67D009E420A /* GLGeometry.m */,
				DD04DA641F6D7E8C0093FD7C /* GLBaseViewController.h */,
				DD04DA651F6D7E8C0093FD7C /* GLBaseViewController.m */,
			);
			path = Tools;
			sourceTree = "<group>";
		};
		DDE9E06A1F8DF11400563E68 /* Laser */ = {
			isa = PBXGroup;
			children = (
				DDE9E06E1F8DF26A00563E68 /* laserFragment.glsl */,
				DDE9E06F1F8DF26A00563E68 /* laserVertex.glsl */,
				DDE9E06B1F8DF12500563E68 /* LaserViewController.h */,
				DDE9E06C1F8DF12500563E68 /* LaserViewController.m */,
				DDE9E0721F8E04A100563E68 /* Laser.h */,
				DDE9E0731F8E04A100563E68 /* Laser.m */,
			);
			path = Laser;
			sourceTree = "<group>";
		};
		DDFDD9AC1FD527AC00DB9450 /* CubeMap */ = {
			isa = PBXGroup;
			children = (
				DDFDD9AD1FD527E000DB9450 /* CubeMapViewController.h */,
				DDFDD9AE1FD527E000DB9450 /* CubeMapViewController.m */,
			);
			path = CubeMap;
			sourceTree = "<group>";
		};
/* End PBXGroup section */

/* Begin PBXNativeTarget section */
		DDA04C411F666B41004049FB /* OpenGLES */ = {
			isa = PBXNativeTarget;
			buildConfigurationList = DDA04C591F666B41004049FB /* Build configuration list for PBXNativeTarget "OpenGLES" */;
			buildPhases = (
				DDA04C3E1F666B41004049FB /* Sources */,
				DDA04C3F1F666B41004049FB /* Frameworks */,
				DDA04C401F666B41004049FB /* Resources */,
			);
			buildRules = (
			);
			dependencies = (
			);
			name = OpenGLES;
			productName = OpenGLES;
			productReference = DDA04C421F666B41004049FB /* OpenGLES.app */;
			productType = "com.apple.product-type.application";
		};
/* End PBXNativeTarget section */

/* Begin PBXProject section */
		DDA04C3A1F666B41004049FB /* Project object */ = {
			isa = PBXProject;
			attributes = {
				LastUpgradeCheck = 0830;
				ORGANIZATIONNAME = 365ime;
				TargetAttributes = {
					DDA04C411F666B41004049FB = {
						CreatedOnToolsVersion = 8.3.3;
						DevelopmentTeam = Y364PD6P4Y;
						ProvisioningStyle = Automatic;
					};
				};
			};
			buildConfigurationList = DDA04C3D1F666B41004049FB /* Build configuration list for PBXProject "OpenGLES" */;
			compatibilityVersion = "Xcode 3.2";
			developmentRegion = English;
			hasScannedForEncodings = 0;
			knownRegions = (
				en,
				Base,
			);
			mainGroup = DDA04C391F666B41004049FB;
			productRefGroup = DDA04C431F666B41004049FB /* Products */;
			projectDirPath = "";
			projectRoot = "";
			targets = (
				DDA04C411F666B41004049FB /* OpenGLES */,
			);
		};
/* End PBXProject section */

/* Begin PBXResourcesBuildPhase section */
		DDA04C401F666B41004049FB /* Resources */ = {
			isa = PBXResourcesBuildPhase;
			buildActionMask = 2147483647;
			files = (
				DDC446381FD0055500F75ED0 /* stoneFloor.jpg in Resources */,
				DD16F9561F810E8000B9AD1B /* red.png in Resources */,
				DD6EBF941FDA353E006CCD54 /* cube-2.tga in Resources */,
				DD89B0561FB57C0F00520ADF /* frag_terrain.glsl in Resources */,
				DD89B0571FB57D0B00520ADF /* terrain_01.jpg in Resources */,
				DD16F9551F810E7C00B9AD1B /* green.png in Resources */,
				DDA37A871FBDA04700072E4F /* car.obj in Resources */,
				DD5263E71FB3051F005D91ED /* metal_03.png in Resources */,
				DD8A3FEA1FCC797200324EFC /* normal.png in Resources */,
				DDC4463F1FD13ECA00F75ED0 /* frag_shadowmap.glsl in Resources */,
				DDFDD9B11FD52C0500DB9450 /* metal.jpg in Resources */,
				DDA04C551F666B41004049FB /* LaunchScreen.storyboard in Resources */,
				DDFDD9A61FD526A600DB9450 /* cube-5.jpg in Resources */,
				DD6EBF981FDA353E006CCD54 /* cube-1.tga in Resources */,
				DDA37A861FBDA04700072E4F /* smoothMonkey.mtl in Resources */,
				DDFDD9AA1FD526A600DB9450 /* cube-4.jpg in Resources */,
				DD6EBF961FDA353E006CCD54 /* cube-3.tga in Resources */,
				DDA04C5E1F666BCB004049FB /* fragment.glsl in Resources */,
				DDA04C521F666B41004049FB /* Assets.xcassets in Resources */,
				DD6EBF971FDA353E006CCD54 /* cube-6.tga in Resources */,
				DDFDD9A81FD526A600DB9450 /* cube-2.jpg in Resources */,
				DD0709CC1F7225EC000CDE9B /* texture.jpg in Resources */,
				DD5263E61FB3051C005D91ED /* metal_02.jpg in Resources */,
				DD5263E51FB30519005D91ED /* metal_01.png in Resources */,
				DDFDD9AB1FD526A600DB9450 /* cube-6.jpg in Resources */,
				DDA37A841FBDA04700072E4F /* car.mtl in Resources */,
				DD89B0591FB57D1100520ADF /* dirt_01.jpg in Resources */,
				DDFDD9A91FD526A600DB9450 /* cube-1.jpg in Resources */,
				DD6EBF9A1FDA65F4006CCD54 /* frag_skybox.glsl in Resources */,
				DDA04C501F666B41004049FB /* Main.storyboard in Resources */,
				DDC446391FD0055500F75ED0 /* squarepants.jpg in Resources */,
				DDC446371FD0055500F75ED0 /* stoneFloor_NRM.png in Resources */,
				DDE9E0711F8DF26A00563E68 /* laserVertex.glsl in Resources */,
				DDA04C5F1F666BCB004049FB /* vertex.glsl in Resources */,
				DD6EBF951FDA353E006CCD54 /* cube-5.tga in Resources */,
				DDFDD9A71FD526A600DB9450 /* cube-3.jpg in Resources */,
				DDA37A891FBDA04700072E4F /* cube.mtl in Resources */,
				DDA37A851FBDA04700072E4F /* cube.obj in Resources */,
				DD48CB921FD8E28400D0EBEB /* frag_mirror.glsl in Resources */,
				DDE9E0751F8E29B900563E68 /* laser.png in Resources */,
				DDA37A881FBDA04700072E4F /* smoothMonkey.obj in Resources */,
				DD89B0581FB57D0E00520ADF /* grass_01.jpg in Resources */,
				DDC106AF1FCD74ED00F0772A /* frag_framebuffer_plane.glsl in Resources */,
				DDE9E0701F8DF26A00563E68 /* laserFragment.glsl in Resources */,
				DD6EBF931FDA353E006CCD54 /* cube-4.tga in Resources */,
			);
			runOnlyForDeploymentPostprocessing = 0;
		};
/* End PBXResourcesBuildPhase section */

/* Begin PBXSourcesBuildPhase section */
		DDA04C3E1F666B41004049FB /* Sources */ = {
			isa = PBXSourcesBuildPhase;
			buildActionMask = 2147483647;
			files = (
				DDC106AD1FCD66C400F0772A /* Plane.m in Sources */,
				DDA37A8C1FBDA08D00072E4F /* OBJViewController.m in Sources */,
				DD0C8FD31FBAF9E000EACE72 /* WavefrontOBJ.m in Sources */,
				DD6EBF8C1FDA3410006CCD54 /* SkyBoxViewController.m in Sources */,
				DD89B04E1FB4498300520ADF /* Terrain.m in Sources */,
				DDFDD9AF1FD527E000DB9450 /* CubeMapViewController.m in Sources */,
				DDA07FF11FA8595800127BF2 /* Cube.m in Sources */,
				DD16F9541F81097200B9AD1B /* AlphaMixtureViewController.m in Sources */,
				DDFF99421FA9C67D009E420A /* GLGeometry.m in Sources */,
				DDA04C4D1F666B41004049FB /* ViewController.m in Sources */,
				DD0E1C231FD7DA520023BB1E /* CameraViewController.m in Sources */,
				DDA04C4A1F666B41004049FB /* AppDelegate.m in Sources */,
				DD89B0511FB552C200520ADF /* TerrainViewController.m in Sources */,
				DDB20DDA1F6FCAC700D9F05F /* CubeViewController.m in Sources */,
				DD04DA661F6D7E8C0093FD7C /* GLBaseViewController.m in Sources */,
				DDC4463D1FD1347D00F75ED0 /* ShadowViewController.m in Sources */,
				DDE9E0611F8CC6E600563E68 /* GLContext.m in Sources */,
				DDE9E0741F8E04A100563E68 /* Laser.m in Sources */,
				DD7085681FAC470F006ECAC6 /* Cylinder.m in Sources */,
				DDC446331FCFF45400F75ED0 /* ProjectorViewController.m in Sources */,
				DD48CB901FD8D40400D0EBEB /* Mirror.m in Sources */,
				DD0E1C201FD78C8B0023BB1E /* Camera.m in Sources */,
				DD6EBF891FDA33FE006CCD54 /* SkyBox.m in Sources */,
				DD5263E11FB2FD5A005D91ED /* CylinderViewController.m in Sources */,
				DDE9E0781F8F740100563E68 /* GLObject.m in Sources */,
				DDE9E06D1F8DF12500563E68 /* LaserViewController.m in Sources */,
				DDA04C471F666B41004049FB /* main.m in Sources */,
			);
			runOnlyForDeploymentPostprocessing = 0;
		};
/* End PBXSourcesBuildPhase section */

/* Begin PBXVariantGroup section */
		DDA04C4E1F666B41004049FB /* Main.storyboard */ = {
			isa = PBXVariantGroup;
			children = (
				DDA04C4F1F666B41004049FB /* Base */,
			);
			name = Main.storyboard;
			sourceTree = "<group>";
		};
		DDA04C531F666B41004049FB /* LaunchScreen.storyboard */ = {
			isa = PBXVariantGroup;
			children = (
				DDA04C541F666B41004049FB /* Base */,
			);
			name = LaunchScreen.storyboard;
			sourceTree = "<group>";
		};
/* End PBXVariantGroup section */

/* Begin XCBuildConfiguration section */
		DDA04C571F666B41004049FB /* Debug */ = {
			isa = XCBuildConfiguration;
			buildSettings = {
				ALWAYS_SEARCH_USER_PATHS = NO;
				CLANG_ANALYZER_NONNULL = YES;
				CLANG_ANALYZER_NUMBER_OBJECT_CONVERSION = YES_AGGRESSIVE;
				CLANG_CXX_LANGUAGE_STANDARD = "gnu++0x";
				CLANG_CXX_LIBRARY = "libc++";
				CLANG_ENABLE_MODULES = YES;
				CLANG_ENABLE_OBJC_ARC = YES;
				CLANG_WARN_BOOL_CONVERSION = YES;
				CLANG_WARN_CONSTANT_CONVERSION = YES;
				CLANG_WARN_DIRECT_OBJC_ISA_USAGE = YES_ERROR;
				CLANG_WARN_DOCUMENTATION_COMMENTS = YES;
				CLANG_WARN_EMPTY_BODY = YES;
				CLANG_WARN_ENUM_CONVERSION = YES;
				CLANG_WARN_INFINITE_RECURSION = YES;
				CLANG_WARN_INT_CONVERSION = YES;
				CLANG_WARN_OBJC_ROOT_CLASS = YES_ERROR;
				CLANG_WARN_SUSPICIOUS_MOVE = YES;
				CLANG_WARN_UNREACHABLE_CODE = YES;
				CLANG_WARN__DUPLICATE_METHOD_MATCH = YES;
				"CODE_SIGN_IDENTITY[sdk=iphoneos*]" = "iPhone Developer";
				COPY_PHASE_STRIP = NO;
				DEBUG_INFORMATION_FORMAT = dwarf;
				ENABLE_STRICT_OBJC_MSGSEND = YES;
				ENABLE_TESTABILITY = YES;
				GCC_C_LANGUAGE_STANDARD = gnu99;
				GCC_DYNAMIC_NO_PIC = NO;
				GCC_NO_COMMON_BLOCKS = YES;
				GCC_OPTIMIZATION_LEVEL = 0;
				GCC_PREPROCESSOR_DEFINITIONS = (
					"DEBUG=1",
					"$(inherited)",
				);
				GCC_WARN_64_TO_32_BIT_CONVERSION = YES;
				GCC_WARN_ABOUT_RETURN_TYPE = YES_ERROR;
				GCC_WARN_UNDECLARED_SELECTOR = YES;
				GCC_WARN_UNINITIALIZED_AUTOS = YES_AGGRESSIVE;
				GCC_WARN_UNUSED_FUNCTION = YES;
				GCC_WARN_UNUSED_VARIABLE = YES;
				IPHONEOS_DEPLOYMENT_TARGET = 10.3;
				MTL_ENABLE_DEBUG_INFO = YES;
				ONLY_ACTIVE_ARCH = YES;
				SDKROOT = iphoneos;
			};
			name = Debug;
		};
		DDA04C581F666B41004049FB /* Release */ = {
			isa = XCBuildConfiguration;
			buildSettings = {
				ALWAYS_SEARCH_USER_PATHS = NO;
				CLANG_ANALYZER_NONNULL = YES;
				CLANG_ANALYZER_NUMBER_OBJECT_CONVERSION = YES_AGGRESSIVE;
				CLANG_CXX_LANGUAGE_STANDARD = "gnu++0x";
				CLANG_CXX_LIBRARY = "libc++";
				CLANG_ENABLE_MODULES = YES;
				CLANG_ENABLE_OBJC_ARC = YES;
				CLANG_WARN_BOOL_CONVERSION = YES;
				CLANG_WARN_CONSTANT_CONVERSION = YES;
				CLANG_WARN_DIRECT_OBJC_ISA_USAGE = YES_ERROR;
				CLANG_WARN_DOCUMENTATION_COMMENTS = YES;
				CLANG_WARN_EMPTY_BODY = YES;
				CLANG_WARN_ENUM_CONVERSION = YES;
				CLANG_WARN_INFINITE_RECURSION = YES;
				CLANG_WARN_INT_CONVERSION = YES;
				CLANG_WARN_OBJC_ROOT_CLASS = YES_ERROR;
				CLANG_WARN_SUSPICIOUS_MOVE = YES;
				CLANG_WARN_UNREACHABLE_CODE = YES;
				CLANG_WARN__DUPLICATE_METHOD_MATCH = YES;
				"CODE_SIGN_IDENTITY[sdk=iphoneos*]" = "iPhone Developer";
				COPY_PHASE_STRIP = NO;
				DEBUG_INFORMATION_FORMAT = "dwarf-with-dsym";
				ENABLE_NS_ASSERTIONS = NO;
				ENABLE_STRICT_OBJC_MSGSEND = YES;
				GCC_C_LANGUAGE_STANDARD = gnu99;
				GCC_NO_COMMON_BLOCKS = YES;
				GCC_WARN_64_TO_32_BIT_CONVERSION = YES;
				GCC_WARN_ABOUT_RETURN_TYPE = YES_ERROR;
				GCC_WARN_UNDECLARED_SELECTOR = YES;
				GCC_WARN_UNINITIALIZED_AUTOS = YES_AGGRESSIVE;
				GCC_WARN_UNUSED_FUNCTION = YES;
				GCC_WARN_UNUSED_VARIABLE = YES;
				IPHONEOS_DEPLOYMENT_TARGET = 10.3;
				MTL_ENABLE_DEBUG_INFO = NO;
				SDKROOT = iphoneos;
				VALIDATE_PRODUCT = YES;
			};
			name = Release;
		};
		DDA04C5A1F666B41004049FB /* Debug */ = {
			isa = XCBuildConfiguration;
			buildSettings = {
				ASSETCATALOG_COMPILER_APPICON_NAME = AppIcon;
				DEVELOPMENT_TEAM = Y364PD6P4Y;
				INFOPLIST_FILE = OpenGLES/Info.plist;
				LD_RUNPATH_SEARCH_PATHS = "$(inherited) @executable_path/Frameworks";
				PRODUCT_BUNDLE_IDENTIFIER = com.365ime.www.OpenGLES;
				PRODUCT_NAME = "$(TARGET_NAME)";
			};
			name = Debug;
		};
		DDA04C5B1F666B41004049FB /* Release */ = {
			isa = XCBuildConfiguration;
			buildSettings = {
				ASSETCATALOG_COMPILER_APPICON_NAME = AppIcon;
				DEVELOPMENT_TEAM = Y364PD6P4Y;
				INFOPLIST_FILE = OpenGLES/Info.plist;
				LD_RUNPATH_SEARCH_PATHS = "$(inherited) @executable_path/Frameworks";
				PRODUCT_BUNDLE_IDENTIFIER = com.365ime.www.OpenGLES;
				PRODUCT_NAME = "$(TARGET_NAME)";
			};
			name = Release;
		};
/* End XCBuildConfiguration section */

/* Begin XCConfigurationList section */
		DDA04C3D1F666B41004049FB /* Build configuration list for PBXProject "OpenGLES" */ = {
			isa = XCConfigurationList;
			buildConfigurations = (
				DDA04C571F666B41004049FB /* Debug */,
				DDA04C581F666B41004049FB /* Release */,
			);
			defaultConfigurationIsVisible = 0;
			defaultConfigurationName = Release;
		};
		DDA04C591F666B41004049FB /* Build configuration list for PBXNativeTarget "OpenGLES" */ = {
			isa = XCConfigurationList;
			buildConfigurations = (
				DDA04C5A1F666B41004049FB /* Debug */,
				DDA04C5B1F666B41004049FB /* Release */,
			);
			defaultConfigurationIsVisible = 0;
			defaultConfigurationName = Release;
		};
/* End XCConfigurationList section */
	};
	rootObject = DDA04C3A1F666B41004049FB /* Project object */;
}
